
Microsoft Visual Studio Solution File, Format Version 12.00
# Visual Studio Version 17
VisualStudioVersion = 17.0.32014.148
MinimumVisualStudioVersion = 10.0.40219.1
Project("{6989167D-11E4-40FE-8C1A-2192A86A7E90}") = "wf15dsatunsat", "WF15DSatUnsat\wf15dsatunsat.vfproj", "{9E183681-11BE-4C95-8647-F5E1C3E9701B}"
	ProjectSection(ProjectDependencies) = postProject
		{72397639-F386-413C-9B5A-B64F7FD7E15C} = {72397639-F386-413C-9B5A-B64F7FD7E15C}
		{75F43D84-35D0-4591-991E-1CD0AD42B98D} = {75F43D84-35D0-4591-991E-1CD0AD42B98D}
		{C247C095-3EA8-41E9-B15D-81C1B463B9F2} = {C247C095-3EA8-41E9-B15D-81C1B463B9F2}
	EndProjectSection
EndProject
Project("{6989167D-11E4-40FE-8C1A-2192A86A7E90}") = "wf1dsat", "WF1DSat\wf1dsat.vfproj", "{40B181CB-7E75-457A-8CF0-0D1AC61A158F}"
	ProjectSection(ProjectDependencies) = postProject
		{72397639-F386-413C-9B5A-B64F7FD7E15C} = {72397639-F386-413C-9B5A-B64F7FD7E15C}
		{C247C095-3EA8-41E9-B15D-81C1B463B9F2} = {C247C095-3EA8-41E9-B15D-81C1B463B9F2}
	EndProjectSection
EndProject
Project("{6989167D-11E4-40FE-8C1A-2192A86A7E90}") = "wf1dunsat", "WF1DUnsat\wf1dunsat.vfproj", "{C93E63F5-645A-4CDB-86CC-0538425E67FA}"
	ProjectSection(ProjectDependencies) = postProject
		{72397639-F386-413C-9B5A-B64F7FD7E15C} = {72397639-F386-413C-9B5A-B64F7FD7E15C}
		{75F43D84-35D0-4591-991E-1CD0AD42B98D} = {75F43D84-35D0-4591-991E-1CD0AD42B98D}
	EndProjectSection
EndProject
Project("{6989167D-11E4-40FE-8C1A-2192A86A7E90}") = "wf1dcomdll", "WF1Dcomdll\wf1dcomdll.vfproj", "{72397639-F386-413C-9B5A-B64F7FD7E15C}"
EndProject
Project("{6989167D-11E4-40FE-8C1A-2192A86A7E90}") = "wf1dunsatdll", "WF1Dunsatdll\wf1dunsatdll.vfproj", "{75F43D84-35D0-4591-991E-1CD0AD42B98D}"
	ProjectSection(ProjectDependencies) = postProject
		{72397639-F386-413C-9B5A-B64F7FD7E15C} = {72397639-F386-413C-9B5A-B64F7FD7E15C}
	EndProjectSection
EndProject
Project("{6989167D-11E4-40FE-8C1A-2192A86A7E90}") = "wf1dsatdll", "WF1Dsatdll\wf1dsatdll.vfproj", "{C247C095-3EA8-41E9-B15D-81C1B463B9F2}"
	ProjectSection(ProjectDependencies) = postProject
		{72397639-F386-413C-9B5A-B64F7FD7E15C} = {72397639-F386-413C-9B5A-B64F7FD7E15C}
	EndProjectSection
EndProject
Global
	GlobalSection(SolutionConfigurationPlatforms) = preSolution
		Debug|x64 = Debug|x64
		Debug|x86 = Debug|x86
		Release|x64 = Release|x64
		Release|x86 = Release|x86
		ReleaseAVX512Parallel|x64 = ReleaseAVX512Parallel|x64
		ReleaseAVX512Parallel|x86 = ReleaseAVX512Parallel|x86
	EndGlobalSection
	GlobalSection(ProjectConfigurationPlatforms) = postSolution
		{9E183681-11BE-4C95-8647-F5E1C3E9701B}.Debug|x64.ActiveCfg = Debug|x64
		{9E183681-11BE-4C95-8647-F5E1C3E9701B}.Debug|x64.Build.0 = Debug|x64
		{9E183681-11BE-4C95-8647-F5E1C3E9701B}.Debug|x86.ActiveCfg = Debug|Win32
		{9E183681-11BE-4C95-8647-F5E1C3E9701B}.Debug|x86.Build.0 = Debug|Win32
		{9E183681-11BE-4C95-8647-F5E1C3E9701B}.Release|x64.ActiveCfg = Release|x64
		{9E183681-11BE-4C95-8647-F5E1C3E9701B}.Release|x64.Build.0 = Release|x64
		{9E183681-11BE-4C95-8647-F5E1C3E9701B}.Release|x86.ActiveCfg = Release|x64
		{9E183681-11BE-4C95-8647-F5E1C3E9701B}.Release|x86.Build.0 = Release|x64
		{9E183681-11BE-4C95-8647-F5E1C3E9701B}.ReleaseAVX512Parallel|x64.ActiveCfg = ReleaseAVX512Parallel|x64
		{9E183681-11BE-4C95-8647-F5E1C3E9701B}.ReleaseAVX512Parallel|x64.Build.0 = ReleaseAVX512Parallel|x64
		{9E183681-11BE-4C95-8647-F5E1C3E9701B}.ReleaseAVX512Parallel|x86.ActiveCfg = ReleaseAVX512Parallel|Win32
		{9E183681-11BE-4C95-8647-F5E1C3E9701B}.ReleaseAVX512Parallel|x86.Build.0 = ReleaseAVX512Parallel|Win32
		{40B181CB-7E75-457A-8CF0-0D1AC61A158F}.Debug|x64.ActiveCfg = Debug|x64
		{40B181CB-7E75-457A-8CF0-0D1AC61A158F}.Debug|x64.Build.0 = Debug|x64
		{40B181CB-7E75-457A-8CF0-0D1AC61A158F}.Debug|x86.ActiveCfg = Debug|Win32
		{40B181CB-7E75-457A-8CF0-0D1AC61A158F}.Debug|x86.Build.0 = Debug|Win32
		{40B181CB-7E75-457A-8CF0-0D1AC61A158F}.Release|x64.ActiveCfg = Release|x64
		{40B181CB-7E75-457A-8CF0-0D1AC61A158F}.Release|x64.Build.0 = Release|x64
		{40B181CB-7E75-457A-8CF0-0D1AC61A158F}.Release|x86.ActiveCfg = Release|x64
		{40B181CB-7E75-457A-8CF0-0D1AC61A158F}.Release|x86.Build.0 = Release|x64
		{40B181CB-7E75-457A-8CF0-0D1AC61A158F}.ReleaseAVX512Parallel|x64.ActiveCfg = ReleaseAVX512Parallel|x64
		{40B181CB-7E75-457A-8CF0-0D1AC61A158F}.ReleaseAVX512Parallel|x64.Build.0 = ReleaseAVX512Parallel|x64
		{40B181CB-7E75-457A-8CF0-0D1AC61A158F}.ReleaseAVX512Parallel|x86.ActiveCfg = ReleaseAVX512Parallel|Win32
		{40B181CB-7E75-457A-8CF0-0D1AC61A158F}.ReleaseAVX512Parallel|x86.Build.0 = ReleaseAVX512Parallel|Win32
		{C93E63F5-645A-4CDB-86CC-0538425E67FA}.Debug|x64.ActiveCfg = Debug|x64
		{C93E63F5-645A-4CDB-86CC-0538425E67FA}.Debug|x64.Build.0 = Debug|x64
		{C93E63F5-645A-4CDB-86CC-0538425E67FA}.Debug|x86.ActiveCfg = Debug|Win32
		{C93E63F5-645A-4CDB-86CC-0538425E67FA}.Debug|x86.Build.0 = Debug|Win32
		{C93E63F5-645A-4CDB-86CC-0538425E67FA}.Release|x64.ActiveCfg = Release|x64
		{C93E63F5-645A-4CDB-86CC-0538425E67FA}.Release|x64.Build.0 = Release|x64
		{C93E63F5-645A-4CDB-86CC-0538425E67FA}.Release|x86.ActiveCfg = Release|x64
		{C93E63F5-645A-4CDB-86CC-0538425E67FA}.Release|x86.Build.0 = Release|x64
		{C93E63F5-645A-4CDB-86CC-0538425E67FA}.ReleaseAVX512Parallel|x64.ActiveCfg = ReleaseAVX512Parallel|x64
		{C93E63F5-645A-4CDB-86CC-0538425E67FA}.ReleaseAVX512Parallel|x64.Build.0 = ReleaseAVX512Parallel|x64
		{C93E63F5-645A-4CDB-86CC-0538425E67FA}.ReleaseAVX512Parallel|x86.ActiveCfg = ReleaseAVX512Parallel|Win32
		{C93E63F5-645A-4CDB-86CC-0538425E67FA}.ReleaseAVX512Parallel|x86.Build.0 = ReleaseAVX512Parallel|Win32
		{72397639-F386-413C-9B5A-B64F7FD7E15C}.Debug|x64.ActiveCfg = Debug|x64
		{72397639-F386-413C-9B5A-B64F7FD7E15C}.Debug|x64.Build.0 = Debug|x64
		{72397639-F386-413C-9B5A-B64F7FD7E15C}.Debug|x86.ActiveCfg = Debug|Win32
		{72397639-F386-413C-9B5A-B64F7FD7E15C}.Debug|x86.Build.0 = Debug|Win32
		{72397639-F386-413C-9B5A-B64F7FD7E15C}.Release|x64.ActiveCfg = Release|x64
		{72397639-F386-413C-9B5A-B64F7FD7E15C}.Release|x64.Build.0 = Release|x64
		{72397639-F386-413C-9B5A-B64F7FD7E15C}.Release|x86.ActiveCfg = Release|Win32
		{72397639-F386-413C-9B5A-B64F7FD7E15C}.Release|x86.Build.0 = Release|Win32
		{72397639-F386-413C-9B5A-B64F7FD7E15C}.ReleaseAVX512Parallel|x64.ActiveCfg = ReleaseAVX512Parallel|x64
		{72397639-F386-413C-9B5A-B64F7FD7E15C}.ReleaseAVX512Parallel|x64.Build.0 = ReleaseAVX512Parallel|x64
		{72397639-F386-413C-9B5A-B64F7FD7E15C}.ReleaseAVX512Parallel|x86.ActiveCfg = ReleaseAVX512Parallel|Win32
		{72397639-F386-413C-9B5A-B64F7FD7E15C}.ReleaseAVX512Parallel|x86.Build.0 = ReleaseAVX512Parallel|Win32
		{75F43D84-35D0-4591-991E-1CD0AD42B98D}.Debug|x64.ActiveCfg = Debug|x64
		{75F43D84-35D0-4591-991E-1CD0AD42B98D}.Debug|x64.Build.0 = Debug|x64
		{75F43D84-35D0-4591-991E-1CD0AD42B98D}.Debug|x86.ActiveCfg = Debug|Win32
		{75F43D84-35D0-4591-991E-1CD0AD42B98D}.Debug|x86.Build.0 = Debug|Win32
		{75F43D84-35D0-4591-991E-1CD0AD42B98D}.Release|x64.ActiveCfg = Release|x64
		{75F43D84-35D0-4591-991E-1CD0AD42B98D}.Release|x64.Build.0 = Release|x64
		{75F43D84-35D0-4591-991E-1CD0AD42B98D}.Release|x86.ActiveCfg = Release|Win32
		{75F43D84-35D0-4591-991E-1CD0AD42B98D}.Release|x86.Build.0 = Release|Win32
		{75F43D84-35D0-4591-991E-1CD0AD42B98D}.ReleaseAVX512Parallel|x64.ActiveCfg = ReleaseAVX512Parallel|x64
		{75F43D84-35D0-4591-991E-1CD0AD42B98D}.ReleaseAVX512Parallel|x64.Build.0 = ReleaseAVX512Parallel|x64
		{75F43D84-35D0-4591-991E-1CD0AD42B98D}.ReleaseAVX512Parallel|x86.ActiveCfg = ReleaseAVX512Parallel|Win32
		{75F43D84-35D0-4591-991E-1CD0AD42B98D}.ReleaseAVX512Parallel|x86.Build.0 = ReleaseAVX512Parallel|Win32
		{C247C095-3EA8-41E9-B15D-81C1B463B9F2}.Debug|x64.ActiveCfg = Debug|x64
		{C247C095-3EA8-41E9-B15D-81C1B463B9F2}.Debug|x64.Build.0 = Debug|x64
		{C247C095-3EA8-41E9-B15D-81C1B463B9F2}.Debug|x86.ActiveCfg = Debug|Win32
		{C247C095-3EA8-41E9-B15D-81C1B463B9F2}.Debug|x86.Build.0 = Debug|Win32
		{C247C095-3EA8-41E9-B15D-81C1B463B9F2}.Release|x64.ActiveCfg = Release|x64
		{C247C095-3EA8-41E9-B15D-81C1B463B9F2}.Release|x64.Build.0 = Release|x64
		{C247C095-3EA8-41E9-B15D-81C1B463B9F2}.Release|x86.ActiveCfg = Release|Win32
		{C247C095-3EA8-41E9-B15D-81C1B463B9F2}.Release|x86.Build.0 = Release|Win32
		{C247C095-3EA8-41E9-B15D-81C1B463B9F2}.ReleaseAVX512Parallel|x64.ActiveCfg = ReleaseAVX512Parallel|x64
		{C247C095-3EA8-41E9-B15D-81C1B463B9F2}.ReleaseAVX512Parallel|x64.Build.0 = ReleaseAVX512Parallel|x64
		{C247C095-3EA8-41E9-B15D-81C1B463B9F2}.ReleaseAVX512Parallel|x86.ActiveCfg = ReleaseAVX512Parallel|Win32
		{C247C095-3EA8-41E9-B15D-81C1B463B9F2}.ReleaseAVX512Parallel|x86.Build.0 = ReleaseAVX512Parallel|Win32
	EndGlobalSection
	GlobalSection(SolutionProperties) = preSolution
		HideSolutionNode = FALSE
	EndGlobalSection
	GlobalSection(ExtensibilityGlobals) = postSolution
		SolutionGuid = {6C107680-BF17-4A58-99C6-BAEDE1126F96}
	EndGlobalSection
EndGlobal
